
Microsoft Visual Studio Solution File, Format Version 12.00
# Visual Studio Version 18
VisualStudioVersion = 18.2.11415.280 d18.0
MinimumVisualStudioVersion = 10.0.40219.1
Project("{FAE04EC0-301F-11D3-BF4B-00C04F79EFBC}") = "EyeRecall", "EyeRecall\EyeRecall.csproj", "{2746B94B-29C0-4418-9572-A8FD45BCC178}"
EndProject
Project("{FAE04EC0-301F-11D3-BF4B-00C04F79EFBC}") = "ConsoleApp1", "ConsoleApp1\ConsoleApp1.csproj", "{40EA08FE-E78D-42A1-9C8E-00D3B7EF0578}"
EndProject
Global
	GlobalSection(SolutionConfigurationPlatforms) = preSolution
		Debug|Any CPU = Debug|Any CPU
		Debug|Mixed Platforms = Debug|Mixed Platforms
		Debug|x64 = Debug|x64
		Release|Any CPU = Release|Any CPU
		Release|Mixed Platforms = Release|Mixed Platforms
		Release|x64 = Release|x64
	EndGlobalSection
	GlobalSection(ProjectConfigurationPlatforms) = postSolution
		{2746B94B-29C0-4418-9572-A8FD45BCC178}.Debug|Any CPU.ActiveCfg = Debug|x64
		{2746B94B-29C0-4418-9572-A8FD45BCC178}.Debug|Any CPU.Build.0 = Debug|x64
		{2746B94B-29C0-4418-9572-A8FD45BCC178}.Debug|Mixed Platforms.ActiveCfg = Debug|x64
		{2746B94B-29C0-4418-9572-A8FD45BCC178}.Debug|Mixed Platforms.Build.0 = Debug|x64
		{2746B94B-29C0-4418-9572-A8FD45BCC178}.Debug|x64.ActiveCfg = Debug|x64
		{2746B94B-29C0-4418-9572-A8FD45BCC178}.Debug|x64.Build.0 = Debug|x64
		{2746B94B-29C0-4418-9572-A8FD45BCC178}.Release|Any CPU.ActiveCfg = Release|x64
		{2746B94B-29C0-4418-9572-A8FD45BCC178}.Release|Any CPU.Build.0 = Release|x64
		{2746B94B-29C0-4418-9572-A8FD45BCC178}.Release|Mixed Platforms.ActiveCfg = Release|x64
		{2746B94B-29C0-4418-9572-A8FD45BCC178}.Release|Mixed Platforms.Build.0 = Release|x64
		{2746B94B-29C0-4418-9572-A8FD45BCC178}.Release|x64.ActiveCfg = Release|x64
		{2746B94B-29C0-4418-9572-A8FD45BCC178}.Release|x64.Build.0 = Release|x64
		{40EA08FE-E78D-42A1-9C8E-00D3B7EF0578}.Debug|Any CPU.ActiveCfg = Debug|Any CPU
		{40EA08FE-E78D-42A1-9C8E-00D3B7EF0578}.Debug|Any CPU.Build.0 = Debug|Any CPU
		{40EA08FE-E78D-42A1-9C8E-00D3B7EF0578}.Debug|Mixed Platforms.ActiveCfg = Debug|Any CPU
		{40EA08FE-E78D-42A1-9C8E-00D3B7EF0578}.Debug|Mixed Platforms.Build.0 = Debug|Any CPU
		{40EA08FE-E78D-42A1-9C8E-00D3B7EF0578}.Debug|x64.ActiveCfg = Debug|Any CPU
		{40EA08FE-E78D-42A1-9C8E-00D3B7EF0578}.Debug|x64.Build.0 = Debug|Any CPU
		{40EA08FE-E78D-42A1-9C8E-00D3B7EF0578}.Release|Any CPU.ActiveCfg = Release|Any CPU
		{40EA08FE-E78D-42A1-9C8E-00D3B7EF0578}.Release|Any CPU.Build.0 = Release|Any CPU
		{40EA08FE-E78D-42A1-9C8E-00D3B7EF0578}.Release|Mixed Platforms.ActiveCfg = Release|Any CPU
		{40EA08FE-E78D-42A1-9C8E-00D3B7EF0578}.Release|Mixed Platforms.Build.0 = Release|Any CPU
		{40EA08FE-E78D-42A1-9C8E-00D3B7EF0578}.Release|x64.ActiveCfg = Release|Any CPU
		{40EA08FE-E78D-42A1-9C8E-00D3B7EF0578}.Release|x64.Build.0 = Release|Any CPU
	EndGlobalSection
	GlobalSection(SolutionProperties) = preSolution
		HideSolutionNode = FALSE
	EndGlobalSection
EndGlobal
